
Microsoft Visual Studio Solution File, Format Version 12.00
# Visual Studio 2013
VisualStudioVersion = 12.0.31101.0
MinimumVisualStudioVersion = 10.0.40219.1
Project("{FAE04EC0-301F-11D3-BF4B-00C04F79EFBC}") = "Iron.GPS.Tests", "Iron.GPS.Tests\Iron.GPS.Tests.csproj", "{17DF94A6-F40B-4E46-8248-21E90AEEB34C}"
EndProject
Project("{2150E333-8FDC-42A3-9474-1A3956D46DE8}") = "Database", "Database", "{BBAD3713-F8C5-454C-AC72-18C47745D657}"
EndProject
Project("{00D1A9C2-B5F0-4AF3-8072-F6C62B433612}") = "Iron.GPS.Database", "Iron.GPS.Database\Iron.GPS.Database.sqlproj", "{0AA43347-2F14-4ED6-8E95-EC7719E7080E}"
EndProject
Project("{FAE04EC0-301F-11D3-BF4B-00C04F79EFBC}") = "Iron.GPS.Application", "Iron.GPS.Application\Iron.GPS.Application.csproj", "{ABED4431-B20B-4CC5-96E0-E1838A6CD5EE}"
EndProject
Project("{FAE04EC0-301F-11D3-BF4B-00C04F79EFBC}") = "Iron.GPS.Services", "Iron.GPS.Services\Iron.GPS.Services.csproj", "{546C3859-A1C0-4790-86E2-47FB89CF2334}"
EndProject
Project("{FAE04EC0-301F-11D3-BF4B-00C04F79EFBC}") = "Iron.GPS.Services.Interfaces", "Iron.GPS.Services.Interfaces\Iron.GPS.Services.Interfaces.csproj", "{1B9F77BD-FFD7-4942-B3AF-E9EEDD94922F}"
EndProject
Project("{FAE04EC0-301F-11D3-BF4B-00C04F79EFBC}") = "Iron.GPS.Repositories", "Iron.GPS.Repositories\Iron.GPS.Repositories.csproj", "{BB6020FD-28BB-45EE-B16E-8502993A0653}"
EndProject
Project("{FAE04EC0-301F-11D3-BF4B-00C04F79EFBC}") = "Iron.GPS.Repositories.Interfaces", "Iron.GPS.Repositories.Interfaces\Iron.GPS.Repositories.Interfaces.csproj", "{8C900483-0AD9-4900-B6C9-82FB28F289C6}"
EndProject
Project("{FAE04EC0-301F-11D3-BF4B-00C04F79EFBC}") = "Iron.GPS.DataModels", "Iron.GPS.DataModels\Iron.GPS.DataModels.csproj", "{91967B4D-DA19-48F5-B4C3-6CED9621F1E3}"
EndProject
Project("{FAE04EC0-301F-11D3-BF4B-00C04F79EFBC}") = "Iron.GPS.Repositories.Provider", "Iron.GPS.Repositories.Provider\Iron.GPS.Repositories.Provider.csproj", "{E383CD16-8050-4687-9F1E-4F42C301824B}"
EndProject
Project("{FAE04EC0-301F-11D3-BF4B-00C04F79EFBC}") = "Iron.GPS.Logging", "Iron.GPS.Logging\Iron.GPS.Logging.csproj", "{433D3745-742C-4270-897D-CD8AFFA74E0E}"
EndProject
Project("{FAE04EC0-301F-11D3-BF4B-00C04F79EFBC}") = "Iron.GPS.Common", "Iron.GPS.Common\Iron.GPS.Common.csproj", "{A46B6576-5C3C-4CA4-8057-126E761CAE67}"
EndProject
Global
	GlobalSection(SolutionConfigurationPlatforms) = preSolution
		Debug|Any CPU = Debug|Any CPU
		Release|Any CPU = Release|Any CPU
	EndGlobalSection
	GlobalSection(ProjectConfigurationPlatforms) = postSolution
		{17DF94A6-F40B-4E46-8248-21E90AEEB34C}.Debug|Any CPU.ActiveCfg = Debug|Any CPU
		{17DF94A6-F40B-4E46-8248-21E90AEEB34C}.Debug|Any CPU.Build.0 = Debug|Any CPU
		{17DF94A6-F40B-4E46-8248-21E90AEEB34C}.Release|Any CPU.ActiveCfg = Release|Any CPU
		{17DF94A6-F40B-4E46-8248-21E90AEEB34C}.Release|Any CPU.Build.0 = Release|Any CPU
		{0AA43347-2F14-4ED6-8E95-EC7719E7080E}.Debug|Any CPU.ActiveCfg = Debug|Any CPU
		{0AA43347-2F14-4ED6-8E95-EC7719E7080E}.Debug|Any CPU.Build.0 = Debug|Any CPU
		{0AA43347-2F14-4ED6-8E95-EC7719E7080E}.Debug|Any CPU.Deploy.0 = Debug|Any CPU
		{0AA43347-2F14-4ED6-8E95-EC7719E7080E}.Release|Any CPU.ActiveCfg = Release|Any CPU
		{0AA43347-2F14-4ED6-8E95-EC7719E7080E}.Release|Any CPU.Build.0 = Release|Any CPU
		{0AA43347-2F14-4ED6-8E95-EC7719E7080E}.Release|Any CPU.Deploy.0 = Release|Any CPU
		{ABED4431-B20B-4CC5-96E0-E1838A6CD5EE}.Debug|Any CPU.ActiveCfg = Debug|Any CPU
		{ABED4431-B20B-4CC5-96E0-E1838A6CD5EE}.Debug|Any CPU.Build.0 = Debug|Any CPU
		{ABED4431-B20B-4CC5-96E0-E1838A6CD5EE}.Release|Any CPU.ActiveCfg = Release|Any CPU
		{ABED4431-B20B-4CC5-96E0-E1838A6CD5EE}.Release|Any CPU.Build.0 = Release|Any CPU
		{546C3859-A1C0-4790-86E2-47FB89CF2334}.Debug|Any CPU.ActiveCfg = Debug|Any CPU
		{546C3859-A1C0-4790-86E2-47FB89CF2334}.Debug|Any CPU.Build.0 = Debug|Any CPU
		{546C3859-A1C0-4790-86E2-47FB89CF2334}.Release|Any CPU.ActiveCfg = Release|Any CPU
		{546C3859-A1C0-4790-86E2-47FB89CF2334}.Release|Any CPU.Build.0 = Release|Any CPU
		{1B9F77BD-FFD7-4942-B3AF-E9EEDD94922F}.Debug|Any CPU.ActiveCfg = Debug|Any CPU
		{1B9F77BD-FFD7-4942-B3AF-E9EEDD94922F}.Debug|Any CPU.Build.0 = Debug|Any CPU
		{1B9F77BD-FFD7-4942-B3AF-E9EEDD94922F}.Release|Any CPU.ActiveCfg = Release|Any CPU
		{1B9F77BD-FFD7-4942-B3AF-E9EEDD94922F}.Release|Any CPU.Build.0 = Release|Any CPU
		{BB6020FD-28BB-45EE-B16E-8502993A0653}.Debug|Any CPU.ActiveCfg = Debug|Any CPU
		{BB6020FD-28BB-45EE-B16E-8502993A0653}.Debug|Any CPU.Build.0 = Debug|Any CPU
		{BB6020FD-28BB-45EE-B16E-8502993A0653}.Release|Any CPU.ActiveCfg = Release|Any CPU
		{BB6020FD-28BB-45EE-B16E-8502993A0653}.Release|Any CPU.Build.0 = Release|Any CPU
		{8C900483-0AD9-4900-B6C9-82FB28F289C6}.Debug|Any CPU.ActiveCfg = Debug|Any CPU
		{8C900483-0AD9-4900-B6C9-82FB28F289C6}.Debug|Any CPU.Build.0 = Debug|Any CPU
		{8C900483-0AD9-4900-B6C9-82FB28F289C6}.Release|Any CPU.ActiveCfg = Release|Any CPU
		{8C900483-0AD9-4900-B6C9-82FB28F289C6}.Release|Any CPU.Build.0 = Release|Any CPU
		{91967B4D-DA19-48F5-B4C3-6CED9621F1E3}.Debug|Any CPU.ActiveCfg = Debug|Any CPU
		{91967B4D-DA19-48F5-B4C3-6CED9621F1E3}.Debug|Any CPU.Build.0 = Debug|Any CPU
		{91967B4D-DA19-48F5-B4C3-6CED9621F1E3}.Release|Any CPU.ActiveCfg = Release|Any CPU
		{91967B4D-DA19-48F5-B4C3-6CED9621F1E3}.Release|Any CPU.Build.0 = Release|Any CPU
		{E383CD16-8050-4687-9F1E-4F42C301824B}.Debug|Any CPU.ActiveCfg = Debug|Any CPU
		{E383CD16-8050-4687-9F1E-4F42C301824B}.Debug|Any CPU.Build.0 = Debug|Any CPU
		{E383CD16-8050-4687-9F1E-4F42C301824B}.Release|Any CPU.ActiveCfg = Release|Any CPU
		{E383CD16-8050-4687-9F1E-4F42C301824B}.Release|Any CPU.Build.0 = Release|Any CPU
		{433D3745-742C-4270-897D-CD8AFFA74E0E}.Debug|Any CPU.ActiveCfg = Debug|Any CPU
		{433D3745-742C-4270-897D-CD8AFFA74E0E}.Debug|Any CPU.Build.0 = Debug|Any CPU
		{433D3745-742C-4270-897D-CD8AFFA74E0E}.Release|Any CPU.ActiveCfg = Release|Any CPU
		{433D3745-742C-4270-897D-CD8AFFA74E0E}.Release|Any CPU.Build.0 = Release|Any CPU
		{A46B6576-5C3C-4CA4-8057-126E761CAE67}.Debug|Any CPU.ActiveCfg = Debug|Any CPU
		{A46B6576-5C3C-4CA4-8057-126E761CAE67}.Debug|Any CPU.Build.0 = Debug|Any CPU
		{A46B6576-5C3C-4CA4-8057-126E761CAE67}.Release|Any CPU.ActiveCfg = Release|Any CPU
		{A46B6576-5C3C-4CA4-8057-126E761CAE67}.Release|Any CPU.Build.0 = Release|Any CPU
	EndGlobalSection
	GlobalSection(SolutionProperties) = preSolution
		HideSolutionNode = FALSE
	EndGlobalSection
	GlobalSection(NestedProjects) = preSolution
		{0AA43347-2F14-4ED6-8E95-EC7719E7080E} = {BBAD3713-F8C5-454C-AC72-18C47745D657}
	EndGlobalSection
	GlobalSection(ExtensibilityGlobals) = postSolution
		EnterpriseLibraryConfigurationToolBinariesPathV6 = packages\EnterpriseLibrary.Common.6.0.1304.0\lib\NET45;packages\EnterpriseLibrary.Logging.6.0.1304.0\lib\NET45
	EndGlobalSection
EndGlobal
